// !$*UTF8*$!
{
	archiveVersion = 1;
	classes = {
	};
	objectVersion = 50;
	objects = {

/* Begin PBXBuildFile section */
		6FEAC750261BF26E00C413DD /* Post.swift in Sources */ = {isa = PBXBuildFile; fileRef = 6FEAC74F261BF26E00C413DD /* Post.swift */; };
		6FFEA684261C8AB8002B304F /* ImageLoader.swift in Sources */ = {isa = PBXBuildFile; fileRef = 6FFEA683261C8AB8002B304F /* ImageLoader.swift */; };
		6FFEA687261C9A7C002B304F /* GridUsersImageView.swift in Sources */ = {isa = PBXBuildFile; fileRef = 6FFEA686261C9A7C002B304F /* GridUsersImageView.swift */; };
		6FFEA68A261C9AAE002B304F /* GridUsersImageViewModel.swift in Sources */ = {isa = PBXBuildFile; fileRef = 6FFEA689261C9AAE002B304F /* GridUsersImageViewModel.swift */; };
		6FFEA68D261C9D84002B304F /* UserImage.swift in Sources */ = {isa = PBXBuildFile; fileRef = 6FFEA68C261C9D84002B304F /* UserImage.swift */; };
		EB5F4077261BCB0200437217 /* SocialApp.swift in Sources */ = {isa = PBXBuildFile; fileRef = EB5F4076261BCB0200437217 /* SocialApp.swift */; };
		EB5F4079261BCB0200437217 /* ContentView.swift in Sources */ = {isa = PBXBuildFile; fileRef = EB5F4078261BCB0200437217 /* ContentView.swift */; };
		EB5F407B261BCB0400437217 /* Assets.xcassets in Resources */ = {isa = PBXBuildFile; fileRef = EB5F407A261BCB0400437217 /* Assets.xcassets */; };
		EB5F407E261BCB0400437217 /* Preview Assets.xcassets in Resources */ = {isa = PBXBuildFile; fileRef = EB5F407D261BCB0400437217 /* Preview Assets.xcassets */; };
		EB5F4089261BCC6600437217 /* User.swift in Sources */ = {isa = PBXBuildFile; fileRef = EB5F4088261BCC6600437217 /* User.swift */; };
		EB5F408E261BD2DE00437217 /* UserViewModel.swift in Sources */ = {isa = PBXBuildFile; fileRef = EB5F408D261BD2DE00437217 /* UserViewModel.swift */; };
		EB5F4091261BE28800437217 /* URLSession+Utils.swift in Sources */ = {isa = PBXBuildFile; fileRef = EB5F4090261BE28800437217 /* URLSession+Utils.swift */; };
		EB5F4094261BE37700437217 /* ObservableObject+Utils.swift in Sources */ = {isa = PBXBuildFile; fileRef = EB5F4093261BE37700437217 /* ObservableObject+Utils.swift */; };
		EB5F4097261BE6AE00437217 /* PostView.swift in Sources */ = {isa = PBXBuildFile; fileRef = EB5F4096261BE6AE00437217 /* PostView.swift */; };
		EB5F409A261BE6BB00437217 /* PostViewModel.swift in Sources */ = {isa = PBXBuildFile; fileRef = EB5F4099261BE6BB00437217 /* PostViewModel.swift */; };
/* End PBXBuildFile section */

/* Begin PBXFileReference section */
		6FEAC74F261BF26E00C413DD /* Post.swift */ = {isa = PBXFileReference; lastKnownFileType = sourcecode.swift; path = Post.swift; sourceTree = "<group>"; };
		6FFEA683261C8AB8002B304F /* ImageLoader.swift */ = {isa = PBXFileReference; lastKnownFileType = sourcecode.swift; path = ImageLoader.swift; sourceTree = "<group>"; };
		6FFEA686261C9A7C002B304F /* GridUsersImageView.swift */ = {isa = PBXFileReference; lastKnownFileType = sourcecode.swift; path = GridUsersImageView.swift; sourceTree = "<group>"; };
		6FFEA689261C9AAE002B304F /* GridUsersImageViewModel.swift */ = {isa = PBXFileReference; lastKnownFileType = sourcecode.swift; path = GridUsersImageViewModel.swift; sourceTree = "<group>"; };
		6FFEA68C261C9D84002B304F /* UserImage.swift */ = {isa = PBXFileReference; lastKnownFileType = sourcecode.swift; path = UserImage.swift; sourceTree = "<group>"; };
		EB5F4073261BCB0200437217 /* Social.app */ = {isa = PBXFileReference; explicitFileType = wrapper.application; includeInIndex = 0; path = Social.app; sourceTree = BUILT_PRODUCTS_DIR; };
		EB5F4076261BCB0200437217 /* SocialApp.swift */ = {isa = PBXFileReference; lastKnownFileType = sourcecode.swift; path = SocialApp.swift; sourceTree = "<group>"; };
		EB5F4078261BCB0200437217 /* ContentView.swift */ = {isa = PBXFileReference; lastKnownFileType = sourcecode.swift; path = ContentView.swift; sourceTree = "<group>"; };
		EB5F407A261BCB0400437217 /* Assets.xcassets */ = {isa = PBXFileReference; lastKnownFileType = folder.assetcatalog; path = Assets.xcassets; sourceTree = "<group>"; };
		EB5F407D261BCB0400437217 /* Preview Assets.xcassets */ = {isa = PBXFileReference; lastKnownFileType = folder.assetcatalog; path = "Preview Assets.xcassets"; sourceTree = "<group>"; };
		EB5F407F261BCB0400437217 /* Info.plist */ = {isa = PBXFileReference; lastKnownFileType = text.plist.xml; path = Info.plist; sourceTree = "<group>"; };
		EB5F4088261BCC6600437217 /* User.swift */ = {isa = PBXFileReference; lastKnownFileType = sourcecode.swift; path = User.swift; sourceTree = "<group>"; };
		EB5F408D261BD2DE00437217 /* UserViewModel.swift */ = {isa = PBXFileReference; lastKnownFileType = sourcecode.swift; path = UserViewModel.swift; sourceTree = "<group>"; };
		EB5F4090261BE28800437217 /* URLSession+Utils.swift */ = {isa = PBXFileReference; lastKnownFileType = sourcecode.swift; path = "URLSession+Utils.swift"; sourceTree = "<group>"; };
		EB5F4093261BE37700437217 /* ObservableObject+Utils.swift */ = {isa = PBXFileReference; lastKnownFileType = sourcecode.swift; path = "ObservableObject+Utils.swift"; sourceTree = "<group>"; };
		EB5F4096261BE6AE00437217 /* PostView.swift */ = {isa = PBXFileReference; lastKnownFileType = sourcecode.swift; path = PostView.swift; sourceTree = "<group>"; };
		EB5F4099261BE6BB00437217 /* PostViewModel.swift */ = {isa = PBXFileReference; lastKnownFileType = sourcecode.swift; path = PostViewModel.swift; sourceTree = "<group>"; };
/* End PBXFileReference section */

/* Begin PBXFrameworksBuildPhase section */
		EB5F4070261BCB0200437217 /* Frameworks */ = {
			isa = PBXFrameworksBuildPhase;
			buildActionMask = 2147483647;
			files = (
			);
			runOnlyForDeploymentPostprocessing = 0;
		};
/* End PBXFrameworksBuildPhase section */

/* Begin PBXGroup section */
		EB5F406A261BCB0200437217 = {
			isa = PBXGroup;
			children = (
				EB5F4075261BCB0200437217 /* Social */,
				EB5F4074261BCB0200437217 /* Products */,
			);
			sourceTree = "<group>";
		};
		EB5F4074261BCB0200437217 /* Products */ = {
			isa = PBXGroup;
			children = (
				EB5F4073261BCB0200437217 /* Social.app */,
			);
			name = Products;
			sourceTree = "<group>";
		};
		EB5F4075261BCB0200437217 /* Social */ = {
			isa = PBXGroup;
			children = (
				EB5F408C261BD2D300437217 /* ViewModel */,
				EB5F4087261BCC5200437217 /* Model */,
				EB5F4076261BCB0200437217 /* SocialApp.swift */,
				EB5F4078261BCB0200437217 /* ContentView.swift */,
				EB5F407A261BCB0400437217 /* Assets.xcassets */,
				EB5F407F261BCB0400437217 /* Info.plist */,
				EB5F407C261BCB0400437217 /* Preview Content */,
				EB5F4090261BE28800437217 /* URLSession+Utils.swift */,
				EB5F4093261BE37700437217 /* ObservableObject+Utils.swift */,
				EB5F4096261BE6AE00437217 /* PostView.swift */,
				6FFEA683261C8AB8002B304F /* ImageLoader.swift */,
				6FFEA686261C9A7C002B304F /* GridUsersImageView.swift */,
			);
			path = Social;
			sourceTree = "<group>";
		};
		EB5F407C261BCB0400437217 /* Preview Content */ = {
			isa = PBXGroup;
			children = (
				EB5F407D261BCB0400437217 /* Preview Assets.xcassets */,
			);
			path = "Preview Content";
			sourceTree = "<group>";
		};
		EB5F4087261BCC5200437217 /* Model */ = {
			isa = PBXGroup;
			children = (
				EB5F4088261BCC6600437217 /* User.swift */,
				6FFEA68C261C9D84002B304F /* UserImage.swift */,
				6FEAC74F261BF26E00C413DD /* Post.swift */,
			);
			path = Model;
			sourceTree = "<group>";
		};
		EB5F408C261BD2D300437217 /* ViewModel */ = {
			isa = PBXGroup;
			children = (
				EB5F408D261BD2DE00437217 /* UserViewModel.swift */,
				EB5F4099261BE6BB00437217 /* PostViewModel.swift */,
				6FFEA689261C9AAE002B304F /* GridUsersImageViewModel.swift */,
			);
			path = ViewModel;
			sourceTree = "<group>";
		};
/* End PBXGroup section */

/* Begin PBXNativeTarget section */
		EB5F4072261BCB0200437217 /* Social */ = {
			isa = PBXNativeTarget;
			buildConfigurationList = EB5F4082261BCB0400437217 /* Build configuration list for PBXNativeTarget "Social" */;
			buildPhases = (
				EB5F406F261BCB0200437217 /* Sources */,
				EB5F4070261BCB0200437217 /* Frameworks */,
				EB5F4071261BCB0200437217 /* Resources */,
			);
			buildRules = (
			);
			dependencies = (
			);
			name = Social;
			productName = Social;
			productReference = EB5F4073261BCB0200437217 /* Social.app */;
			productType = "com.apple.product-type.application";
		};
/* End PBXNativeTarget section */

/* Begin PBXProject section */
		EB5F406B261BCB0200437217 /* Project object */ = {
			isa = PBXProject;
			attributes = {
				LastSwiftUpdateCheck = 1240;
				LastUpgradeCheck = 1240;
				TargetAttributes = {
					EB5F4072261BCB0200437217 = {
						CreatedOnToolsVersion = 12.4;
					};
				};
			};
			buildConfigurationList = EB5F406E261BCB0200437217 /* Build configuration list for PBXProject "Social" */;
			compatibilityVersion = "Xcode 9.3";
			developmentRegion = en;
			hasScannedForEncodings = 0;
			knownRegions = (
				en,
				Base,
			);
			mainGroup = EB5F406A261BCB0200437217;
			productRefGroup = EB5F4074261BCB0200437217 /* Products */;
			projectDirPath = "";
			projectRoot = "";
			targets = (
				EB5F4072261BCB0200437217 /* Social */,
			);
		};
/* End PBXProject section */

/* Begin PBXResourcesBuildPhase section */
		EB5F4071261BCB0200437217 /* Resources */ = {
			isa = PBXResourcesBuildPhase;
			buildActionMask = 2147483647;
			files = (
				EB5F407E261BCB0400437217 /* Preview Assets.xcassets in Resources */,
				EB5F407B261BCB0400437217 /* Assets.xcassets in Resources */,
			);
			runOnlyForDeploymentPostprocessing = 0;
		};
/* End PBXResourcesBuildPhase section */

/* Begin PBXSourcesBuildPhase section */
		EB5F406F261BCB0200437217 /* Sources */ = {
			isa = PBXSourcesBuildPhase;
			buildActionMask = 2147483647;
			files = (
				EB5F409A261BE6BB00437217 /* PostViewModel.swift in Sources */,
				EB5F4097261BE6AE00437217 /* PostView.swift in Sources */,
				6FFEA684261C8AB8002B304F /* ImageLoader.swift in Sources */,
				6FFEA687261C9A7C002B304F /* GridUsersImageView.swift in Sources */,
				EB5F4079261BCB0200437217 /* ContentView.swift in Sources */,
				EB5F408E261BD2DE00437217 /* UserViewModel.swift in Sources */,
				6FFEA68D261C9D84002B304F /* UserImage.swift in Sources */,
				EB5F4077261BCB0200437217 /* SocialApp.swift in Sources */,
				EB5F4089261BCC6600437217 /* User.swift in Sources */,
				6FEAC750261BF26E00C413DD /* Post.swift in Sources */,
				EB5F4091261BE28800437217 /* URLSession+Utils.swift in Sources */,
				EB5F4094261BE37700437217 /* ObservableObject+Utils.swift in Sources */,
				6FFEA68A261C9AAE002B304F /* GridUsersImageViewModel.swift in Sources */,
			);
			runOnlyForDeploymentPostprocessing = 0;
		};
/* End PBXSourcesBuildPhase section */

/* Begin XCBuildConfiguration section */
		EB5F4080261BCB0400437217 /* Debug */ = {
			isa = XCBuildConfiguration;
			buildSettings = {
				ALWAYS_SEARCH_USER_PATHS = NO;
				CLANG_ANALYZER_NONNULL = YES;
				CLANG_ANALYZER_NUMBER_OBJECT_CONVERSION = YES_AGGRESSIVE;
				CLANG_CXX_LANGUAGE_STANDARD = "gnu++14";
				CLANG_CXX_LIBRARY = "libc++";
				CLANG_ENABLE_MODULES = YES;
				CLANG_ENABLE_OBJC_ARC = YES;
				CLANG_ENABLE_OBJC_WEAK = YES;
				CLANG_WARN_BLOCK_CAPTURE_AUTORELEASING = YES;
				CLANG_WARN_BOOL_CONVERSION = YES;
				CLANG_WARN_COMMA = YES;
				CLANG_WARN_CONSTANT_CONVERSION = YES;
				CLANG_WARN_DEPRECATED_OBJC_IMPLEMENTATIONS = YES;
				CLANG_WARN_DIRECT_OBJC_ISA_USAGE = YES_ERROR;
				CLANG_WARN_DOCUMENTATION_COMMENTS = YES;
				CLANG_WARN_EMPTY_BODY = YES;
				CLANG_WARN_ENUM_CONVERSION = YES;
				CLANG_WARN_INFINITE_RECURSION = YES;
				CLANG_WARN_INT_CONVERSION = YES;
				CLANG_WARN_NON_LITERAL_NULL_CONVERSION = YES;
				CLANG_WARN_OBJC_IMPLICIT_RETAIN_SELF = YES;
				CLANG_WARN_OBJC_LITERAL_CONVERSION = YES;
				CLANG_WARN_OBJC_ROOT_CLASS = YES_ERROR;
				CLANG_WARN_QUOTED_INCLUDE_IN_FRAMEWORK_HEADER = YES;
				CLANG_WARN_RANGE_LOOP_ANALYSIS = YES;
				CLANG_WARN_STRICT_PROTOTYPES = YES;
				CLANG_WARN_SUSPICIOUS_MOVE = YES;
				CLANG_WARN_UNGUARDED_AVAILABILITY = YES_AGGRESSIVE;
				CLANG_WARN_UNREACHABLE_CODE = YES;
				CLANG_WARN__DUPLICATE_METHOD_MATCH = YES;
				COPY_PHASE_STRIP = NO;
				DEBUG_INFORMATION_FORMAT = dwarf;
				ENABLE_STRICT_OBJC_MSGSEND = YES;
				ENABLE_TESTABILITY = YES;
				GCC_C_LANGUAGE_STANDARD = gnu11;
				GCC_DYNAMIC_NO_PIC = NO;
				GCC_NO_COMMON_BLOCKS = YES;
				GCC_OPTIMIZATION_LEVEL = 0;
				GCC_PREPROCESSOR_DEFINITIONS = (
					"DEBUG=1",
					"$(inherited)",
				);
				GCC_WARN_64_TO_32_BIT_CONVERSION = YES;
				GCC_WARN_ABOUT_RETURN_TYPE = YES_ERROR;
				GCC_WARN_UNDECLARED_SELECTOR = YES;
				GCC_WARN_UNINITIALIZED_AUTOS = YES_AGGRESSIVE;
				GCC_WARN_UNUSED_FUNCTION = YES;
				GCC_WARN_UNUSED_VARIABLE = YES;
				IPHONEOS_DEPLOYMENT_TARGET = 14.4;
				MTL_ENABLE_DEBUG_INFO = INCLUDE_SOURCE;
				MTL_FAST_MATH = YES;
				ONLY_ACTIVE_ARCH = YES;
				SDKROOT = iphoneos;
				SWIFT_ACTIVE_COMPILATION_CONDITIONS = DEBUG;
				SWIFT_OPTIMIZATION_LEVEL = "-Onone";
			};
			name = Debug;
		};
		EB5F4081261BCB0400437217 /* Release */ = {
			isa = XCBuildConfiguration;
			buildSettings = {
				ALWAYS_SEARCH_USER_PATHS = NO;
				CLANG_ANALYZER_NONNULL = YES;
				CLANG_ANALYZER_NUMBER_OBJECT_CONVERSION = YES_AGGRESSIVE;
				CLANG_CXX_LANGUAGE_STANDARD = "gnu++14";
				CLANG_CXX_LIBRARY = "libc++";
				CLANG_ENABLE_MODULES = YES;
				CLANG_ENABLE_OBJC_ARC = YES;
				CLANG_ENABLE_OBJC_WEAK = YES;
				CLANG_WARN_BLOCK_CAPTURE_AUTORELEASING = YES;
				CLANG_WARN_BOOL_CONVERSION = YES;
				CLANG_WARN_COMMA = YES;
				CLANG_WARN_CONSTANT_CONVERSION = YES;
				CLANG_WARN_DEPRECATED_OBJC_IMPLEMENTATIONS = YES;
				CLANG_WARN_DIRECT_OBJC_ISA_USAGE = YES_ERROR;
				CLANG_WARN_DOCUMENTATION_COMMENTS = YES;
				CLANG_WARN_EMPTY_BODY = YES;
				CLANG_WARN_ENUM_CONVERSION = YES;
				CLANG_WARN_INFINITE_RECURSION = YES;
				CLANG_WARN_INT_CONVERSION = YES;
				CLANG_WARN_NON_LITERAL_NULL_CONVERSION = YES;
				CLANG_WARN_OBJC_IMPLICIT_RETAIN_SELF = YES;
				CLANG_WARN_OBJC_LITERAL_CONVERSION = YES;
				CLANG_WARN_OBJC_ROOT_CLASS = YES_ERROR;
				CLANG_WARN_QUOTED_INCLUDE_IN_FRAMEWORK_HEADER = YES;
				CLANG_WARN_RANGE_LOOP_ANALYSIS = YES;
				CLANG_WARN_STRICT_PROTOTYPES = YES;
				CLANG_WARN_SUSPICIOUS_MOVE = YES;
				CLANG_WARN_UNGUARDED_AVAILABILITY = YES_AGGRESSIVE;
				CLANG_WARN_UNREACHABLE_CODE = YES;
				CLANG_WARN__DUPLICATE_METHOD_MATCH = YES;
				COPY_PHASE_STRIP = NO;
				DEBUG_INFORMATION_FORMAT = "dwarf-with-dsym";
				ENABLE_NS_ASSERTIONS = NO;
				ENABLE_STRICT_OBJC_MSGSEND = YES;
				GCC_C_LANGUAGE_STANDARD = gnu11;
				GCC_NO_COMMON_BLOCKS = YES;
				GCC_WARN_64_TO_32_BIT_CONVERSION = YES;
				GCC_WARN_ABOUT_RETURN_TYPE = YES_ERROR;
				GCC_WARN_UNDECLARED_SELECTOR = YES;
				GCC_WARN_UNINITIALIZED_AUTOS = YES_AGGRESSIVE;
				GCC_WARN_UNUSED_FUNCTION = YES;
				GCC_WARN_UNUSED_VARIABLE = YES;
				IPHONEOS_DEPLOYMENT_TARGET = 14.4;
				MTL_ENABLE_DEBUG_INFO = NO;
				MTL_FAST_MATH = YES;
				SDKROOT = iphoneos;
				SWIFT_COMPILATION_MODE = wholemodule;
				SWIFT_OPTIMIZATION_LEVEL = "-O";
				VALIDATE_PRODUCT = YES;
			};
			name = Release;
		};
		EB5F4083261BCB0400437217 /* Debug */ = {
			isa = XCBuildConfiguration;
			buildSettings = {
				ASSETCATALOG_COMPILER_APPICON_NAME = AppIcon;
				ASSETCATALOG_COMPILER_GLOBAL_ACCENT_COLOR_NAME = AccentColor;
				CODE_SIGN_STYLE = Automatic;
				DEVELOPMENT_ASSET_PATHS = "\"Social/Preview Content\"";
				DEVELOPMENT_TEAM = RRNNBMBSXJ;
				ENABLE_PREVIEWS = YES;
				INFOPLIST_FILE = Social/Info.plist;
				IPHONEOS_DEPLOYMENT_TARGET = 14.0;
				LD_RUNPATH_SEARCH_PATHS = (
					"$(inherited)",
					"@executable_path/Frameworks",
				);
				PRODUCT_BUNDLE_IDENTIFIER = "br.iesb.2019-2.Social";
				PRODUCT_NAME = "$(TARGET_NAME)";
				SWIFT_VERSION = 5.0;
				TARGETED_DEVICE_FAMILY = "1,2";
			};
			name = Debug;
		};
		EB5F4084261BCB0400437217 /* Release */ = {
			isa = XCBuildConfiguration;
			buildSettings = {
				ASSETCATALOG_COMPILER_APPICON_NAME = AppIcon;
				ASSETCATALOG_COMPILER_GLOBAL_ACCENT_COLOR_NAME = AccentColor;
				CODE_SIGN_STYLE = Automatic;
				DEVELOPMENT_ASSET_PATHS = "\"Social/Preview Content\"";
				DEVELOPMENT_TEAM = RRNNBMBSXJ;
				ENABLE_PREVIEWS = YES;
				INFOPLIST_FILE = Social/Info.plist;
				IPHONEOS_DEPLOYMENT_TARGET = 14.0;
				LD_RUNPATH_SEARCH_PATHS = (
					"$(inherited)",
					"@executable_path/Frameworks",
				);
				PRODUCT_BUNDLE_IDENTIFIER = "br.iesb.2019-2.Social";
				PRODUCT_NAME = "$(TARGET_NAME)";
				SWIFT_VERSION = 5.0;
				TARGETED_DEVICE_FAMILY = "1,2";
			};
			name = Release;
		};
/* End XCBuildConfiguration section */

/* Begin XCConfigurationList section */
		EB5F406E261BCB0200437217 /* Build configuration list for PBXProject "Social" */ = {
			isa = XCConfigurationList;
			buildConfigurations = (
				EB5F4080261BCB0400437217 /* Debug */,
				EB5F4081261BCB0400437217 /* Release */,
			);
			defaultConfigurationIsVisible = 0;
			defaultConfigurationName = Release;
		};
		EB5F4082261BCB0400437217 /* Build configuration list for PBXNativeTarget "Social" */ = {
			isa = XCConfigurationList;
			buildConfigurations = (
				EB5F4083261BCB0400437217 /* Debug */,
				EB5F4084261BCB0400437217 /* Release */,
			);
			defaultConfigurationIsVisible = 0;
			defaultConfigurationName = Release;
		};
/* End XCConfigurationList section */
	};
	rootObject = EB5F406B261BCB0200437217 /* Project object */;
}
